Microsoft Visual Studio Solution File, Format Version 12.00
# Visual Studio 15
VisualStudioVersion = 15.0.26730.10
MinimumVisualStudioVersion = 10.0.40219.1
Project("{9A19103F-16F7-4668-BE54-9A1E7A4F7556}") = "VehicleTracker.ServiceBus", "VehicleTracker.ServiceBus\VehicleTracker.ServiceBus.csproj", "{588FC5B0-D282-48CC-8AE4-9349E3E5E2D7}"
EndProject
Project("{9A19103F-16F7-4668-BE54-9A1E7A4F7556}") = "VehicleTracker.Api", "VehicleTracker.Api\VehicleTracker.Api.csproj", "{51816607-D9D0-4451-8499-204A5B2E9F0C}"
EndProject
Project("{9A19103F-16F7-4668-BE54-9A1E7A4F7556}") = "VehicleTracker.AuthService", "VehicleTracker.AuthService\VehicleTracker.AuthService.csproj", "{BAF70AB3-74FF-45D6-B1E7-A16342653B73}"
EndProject
Project("{9A19103F-16F7-4668-BE54-9A1E7A4F7556}") = "VehicleTracker.TrackerManager", "VehicleTracker.TrackerManager\VehicleTracker.TrackerManager.csproj", "{91D31D7B-D3BF-49DC-8225-E0E7079D8BC8}"
EndProject
Project("{9A19103F-16F7-4668-BE54-9A1E7A4F7556}") = "VehicleTracker.TrackerService", "VehicleTracker.TrackerService\VehicleTracker.TrackerService.csproj", "{F49CB5C8-6C32-441B-A518-2A172CA2341C}"
EndProject
Project("{9A19103F-16F7-4668-BE54-9A1E7A4F7556}") = "VehicleTracker.StorageService", "VehicleTracker.StorageService\VehicleTracker.StorageService.csproj", "{37FA38EB-63F0-44A2-9ED3-FAE8D512D733}"
EndProject
Project("{FAE04EC0-301F-11D3-BF4B-00C04F79EFBC}") = "VehicleTracker.UnitTests", "VehicleTracker.UnitTests\VehicleTracker.UnitTests.csproj", "{35C58613-D679-4E28-8C9E-8EE68EC69EDB}"
EndProject
Global
	GlobalSection(SolutionConfigurationPlatforms) = preSolution
		Debug|Any CPU = Debug|Any CPU
		Release|Any CPU = Release|Any CPU
	EndGlobalSection
	GlobalSection(ProjectConfigurationPlatforms) = postSolution
		{588FC5B0-D282-48CC-8AE4-9349E3E5E2D7}.Debug|Any CPU.ActiveCfg = Debug|Any CPU
		{588FC5B0-D282-48CC-8AE4-9349E3E5E2D7}.Debug|Any CPU.Build.0 = Debug|Any CPU
		{588FC5B0-D282-48CC-8AE4-9349E3E5E2D7}.Release|Any CPU.ActiveCfg = Release|Any CPU
		{588FC5B0-D282-48CC-8AE4-9349E3E5E2D7}.Release|Any CPU.Build.0 = Release|Any CPU
		{51816607-D9D0-4451-8499-204A5B2E9F0C}.Debug|Any CPU.ActiveCfg = Debug|Any CPU
		{51816607-D9D0-4451-8499-204A5B2E9F0C}.Debug|Any CPU.Build.0 = Debug|Any CPU
		{51816607-D9D0-4451-8499-204A5B2E9F0C}.Release|Any CPU.ActiveCfg = Release|Any CPU
		{51816607-D9D0-4451-8499-204A5B2E9F0C}.Release|Any CPU.Build.0 = Release|Any CPU
		{BAF70AB3-74FF-45D6-B1E7-A16342653B73}.Debug|Any CPU.ActiveCfg = Debug|Any CPU
		{BAF70AB3-74FF-45D6-B1E7-A16342653B73}.Debug|Any CPU.Build.0 = Debug|Any CPU
		{BAF70AB3-74FF-45D6-B1E7-A16342653B73}.Release|Any CPU.ActiveCfg = Release|Any CPU
		{BAF70AB3-74FF-45D6-B1E7-A16342653B73}.Release|Any CPU.Build.0 = Release|Any CPU
		{91D31D7B-D3BF-49DC-8225-E0E7079D8BC8}.Debug|Any CPU.ActiveCfg = Debug|Any CPU
		{91D31D7B-D3BF-49DC-8225-E0E7079D8BC8}.Debug|Any CPU.Build.0 = Debug|Any CPU
		{91D31D7B-D3BF-49DC-8225-E0E7079D8BC8}.Release|Any CPU.ActiveCfg = Release|Any CPU
		{91D31D7B-D3BF-49DC-8225-E0E7079D8BC8}.Release|Any CPU.Build.0 = Release|Any CPU
		{F49CB5C8-6C32-441B-A518-2A172CA2341C}.Debug|Any CPU.ActiveCfg = Debug|Any CPU
		{F49CB5C8-6C32-441B-A518-2A172CA2341C}.Debug|Any CPU.Build.0 = Debug|Any CPU
		{F49CB5C8-6C32-441B-A518-2A172CA2341C}.Release|Any CPU.ActiveCfg = Release|Any CPU
		{F49CB5C8-6C32-441B-A518-2A172CA2341C}.Release|Any CPU.Build.0 = Release|Any CPU
		{37FA38EB-63F0-44A2-9ED3-FAE8D512D733}.Debug|Any CPU.ActiveCfg = Debug|Any CPU
		{37FA38EB-63F0-44A2-9ED3-FAE8D512D733}.Debug|Any CPU.Build.0 = Debug|Any CPU
		{37FA38EB-63F0-44A2-9ED3-FAE8D512D733}.Release|Any CPU.ActiveCfg = Release|Any CPU
		{37FA38EB-63F0-44A2-9ED3-FAE8D512D733}.Release|Any CPU.Build.0 = Release|Any CPU
		{35C58613-D679-4E28-8C9E-8EE68EC69EDB}.Debug|Any CPU.ActiveCfg = Debug|Any CPU
		{35C58613-D679-4E28-8C9E-8EE68EC69EDB}.Debug|Any CPU.Build.0 = Debug|Any CPU
		{35C58613-D679-4E28-8C9E-8EE68EC69EDB}.Release|Any CPU.ActiveCfg = Release|Any CPU
		{35C58613-D679-4E28-8C9E-8EE68EC69EDB}.Release|Any CPU.Build.0 = Release|Any CPU
	EndGlobalSection
	GlobalSection(SolutionProperties) = preSolution
		HideSolutionNode = FALSE
	EndGlobalSection
	GlobalSection(ExtensibilityGlobals) = postSolution
		SolutionGuid = {CADAC8BE-9F93-4F32-B3A4-EDE94C75DB87}
	EndGlobalSection
EndGlobal
